
Microsoft Visual Studio Solution File, Format Version 12.00
# Visual Studio Version 16
VisualStudioVersion = 16.0.31702.278
MinimumVisualStudioVersion = 10.0.40219.1
Project("{FAE04EC0-301F-11D3-BF4B-00C04F79EFBC}") = "TestApp", "TestApp\TestApp.csproj", "{BAF539D5-B620-4328-8EAA-D911E4687A23}"
EndProject
Global
	GlobalSection(SolutionConfigurationPlatforms) = preSolution
		Debug|Any CPU = Debug|Any CPU
		Release|Any CPU = Release|Any CPU
	EndGlobalSection
	GlobalSection(ProjectConfigurationPlatforms) = postSolution
		{BAF539D5-B620-4328-8EAA-D911E4687A23}.Debug|Any CPU.ActiveCfg = Debug|Any CPU
		{BAF539D5-B620-4328-8EAA-D911E4687A23}.Debug|Any CPU.Build.0 = Debug|Any CPU
		{BAF539D5-B620-4328-8EAA-D911E4687A23}.Release|Any CPU.ActiveCfg = Release|Any CPU
		{BAF539D5-B620-4328-8EAA-D911E4687A23}.Release|Any CPU.Build.0 = Release|Any CPU
	EndGlobalSection
	GlobalSection(SolutionProperties) = preSolution
		HideSolutionNode = FALSE
	EndGlobalSection
	GlobalSection(ExtensibilityGlobals) = postSolution
		SolutionGuid = {A48A42E4-A16E-4098-BC00-464F43A445BD}
	EndGlobalSection
EndGlobal
